// !$*UTF8*$!
{
	archiveVersion = 1;
	classes = {
	};
	objectVersion = 46;
	objects = {

/* Begin PBXBuildFile section */
		52556B5D1E52DA660079BC40 /* main.m in Sources */ = {isa = PBXBuildFile; fileRef = 52556B5C1E52DA660079BC40 /* main.m */; };
		52556B601E52DA660079BC40 /* AppDelegate.m in Sources */ = {isa = PBXBuildFile; fileRef = 52556B5F1E52DA660079BC40 /* AppDelegate.m */; };
		52556B631E52DA660079BC40 /* ViewController.m in Sources */ = {isa = PBXBuildFile; fileRef = 52556B621E52DA660079BC40 /* ViewController.m */; };
		52556B661E52DA660079BC40 /* Main.storyboard in Resources */ = {isa = PBXBuildFile; fileRef = 52556B641E52DA660079BC40 /* Main.storyboard */; };
		52556B681E52DA660079BC40 /* Assets.xcassets in Resources */ = {isa = PBXBuildFile; fileRef = 52556B671E52DA660079BC40 /* Assets.xcassets */; };
		52556B6B1E52DA660079BC40 /* LaunchScreen.storyboard in Resources */ = {isa = PBXBuildFile; fileRef = 52556B691E52DA660079BC40 /* LaunchScreen.storyboard */; };
		52556B761E52DA660079BC40 /* ZYNetWorkTests.m in Sources */ = {isa = PBXBuildFile; fileRef = 52556B751E52DA660079BC40 /* ZYNetWorkTests.m */; };
		52556B811E52DA660079BC40 /* ZYNetWorkUITests.m in Sources */ = {isa = PBXBuildFile; fileRef = 52556B801E52DA660079BC40 /* ZYNetWorkUITests.m */; };
		52556B961E52DAAA0079BC40 /* YYCacheHelper.m in Sources */ = {isa = PBXBuildFile; fileRef = 52556B8F1E52DAA90079BC40 /* YYCacheHelper.m */; };
		52556B971E52DAAA0079BC40 /* ZYHttp.m in Sources */ = {isa = PBXBuildFile; fileRef = 52556B921E52DAA90079BC40 /* ZYHttp.m */; };
		52556B981E52DAAA0079BC40 /* ZYHttp+YYCache.m in Sources */ = {isa = PBXBuildFile; fileRef = 52556B941E52DAA90079BC40 /* ZYHttp+YYCache.m */; };
		F2EDEFE7F9AD62C10492BFCC /* libPods-ZYNetWork.a in Frameworks */ = {isa = PBXBuildFile; fileRef = 1816B2D0FF7AD87249481F06 /* libPods-ZYNetWork.a */; };
/* End PBXBuildFile section */

/* Begin PBXContainerItemProxy section */
		52556B721E52DA660079BC40 /* PBXContainerItemProxy */ = {
			isa = PBXContainerItemProxy;
			containerPortal = 52556B501E52DA650079BC40 /* Project object */;
			proxyType = 1;
			remoteGlobalIDString = 52556B571E52DA650079BC40;
			remoteInfo = ZYNetWork;
		};
		52556B7D1E52DA660079BC40 /* PBXContainerItemProxy */ = {
			isa = PBXContainerItemProxy;
			containerPortal = 52556B501E52DA650079BC40 /* Project object */;
			proxyType = 1;
			remoteGlobalIDString = 52556B571E52DA650079BC40;
			remoteInfo = ZYNetWork;
		};
/* End PBXContainerItemProxy section */

/* Begin PBXFileReference section */
		1816B2D0FF7AD87249481F06 /* libPods-ZYNetWork.a */ = {isa = PBXFileReference; explicitFileType = archive.ar; includeInIndex = 0; path = "libPods-ZYNetWork.a"; sourceTree = BUILT_PRODUCTS_DIR; };
		52556B581E52DA660079BC40 /* ZYNetWork.app */ = {isa = PBXFileReference; explicitFileType = wrapper.application; includeInIndex = 0; path = ZYNetWork.app; sourceTree = BUILT_PRODUCTS_DIR; };
		52556B5C1E52DA660079BC40 /* main.m */ = {isa = PBXFileReference; lastKnownFileType = sourcecode.c.objc; path = main.m; sourceTree = "<group>"; };
		52556B5E1E52DA660079BC40 /* AppDelegate.h */ = {isa = PBXFileReference; lastKnownFileType = sourcecode.c.h; path = AppDelegate.h; sourceTree = "<group>"; };
		52556B5F1E52DA660079BC40 /* AppDelegate.m */ = {isa = PBXFileReference; lastKnownFileType = sourcecode.c.objc; path = AppDelegate.m; sourceTree = "<group>"; };
		52556B611E52DA660079BC40 /* ViewController.h */ = {isa = PBXFileReference; lastKnownFileType = sourcecode.c.h; path = ViewController.h; sourceTree = "<group>"; };
		52556B621E52DA660079BC40 /* ViewController.m */ = {isa = PBXFileReference; lastKnownFileType = sourcecode.c.objc; path = ViewController.m; sourceTree = "<group>"; };
		52556B651E52DA660079BC40 /* Base */ = {isa = PBXFileReference; lastKnownFileType = file.storyboard; name = Base; path = Base.lproj/Main.storyboard; sourceTree = "<group>"; };
		52556B671E52DA660079BC40 /* Assets.xcassets */ = {isa = PBXFileReference; lastKnownFileType = folder.assetcatalog; path = Assets.xcassets; sourceTree = "<group>"; };
		52556B6A1E52DA660079BC40 /* Base */ = {isa = PBXFileReference; lastKnownFileType = file.storyboard; name = Base; path = Base.lproj/LaunchScreen.storyboard; sourceTree = "<group>"; };
		52556B6C1E52DA660079BC40 /* Info.plist */ = {isa = PBXFileReference; lastKnownFileType = text.plist.xml; path = Info.plist; sourceTree = "<group>"; };
		52556B711E52DA660079BC40 /* ZYNetWorkTests.xctest */ = {isa = PBXFileReference; explicitFileType = wrapper.cfbundle; includeInIndex = 0; path = ZYNetWorkTests.xctest; sourceTree = BUILT_PRODUCTS_DIR; };
		52556B751E52DA660079BC40 /* ZYNetWorkTests.m */ = {isa = PBXFileReference; lastKnownFileType = sourcecode.c.objc; path = ZYNetWorkTests.m; sourceTree = "<group>"; };
		52556B771E52DA660079BC40 /* Info.plist */ = {isa = PBXFileReference; lastKnownFileType = text.plist.xml; path = Info.plist; sourceTree = "<group>"; };
		52556B7C1E52DA660079BC40 /* ZYNetWorkUITests.xctest */ = {isa = PBXFileReference; explicitFileType = wrapper.cfbundle; includeInIndex = 0; path = ZYNetWorkUITests.xctest; sourceTree = BUILT_PRODUCTS_DIR; };
		52556B801E52DA660079BC40 /* ZYNetWorkUITests.m */ = {isa = PBXFileReference; lastKnownFileType = sourcecode.c.objc; path = ZYNetWorkUITests.m; sourceTree = "<group>"; };
		52556B821E52DA660079BC40 /* Info.plist */ = {isa = PBXFileReference; lastKnownFileType = text.plist.xml; path = Info.plist; sourceTree = "<group>"; };
		52556B8E1E52DAA90079BC40 /* YYCacheHelper.h */ = {isa = PBXFileReference; fileEncoding = 4; lastKnownFileType = sourcecode.c.h; path = YYCacheHelper.h; sourceTree = "<group>"; };
		52556B8F1E52DAA90079BC40 /* YYCacheHelper.m */ = {isa = PBXFileReference; fileEncoding = 4; lastKnownFileType = sourcecode.c.objc; path = YYCacheHelper.m; sourceTree = "<group>"; };
		52556B911E52DAA90079BC40 /* ZYHttp.h */ = {isa = PBXFileReference; fileEncoding = 4; lastKnownFileType = sourcecode.c.h; path = ZYHttp.h; sourceTree = "<group>"; };
		52556B921E52DAA90079BC40 /* ZYHttp.m */ = {isa = PBXFileReference; fileEncoding = 4; lastKnownFileType = sourcecode.c.objc; path = ZYHttp.m; sourceTree = "<group>"; };
		52556B931E52DAA90079BC40 /* ZYHttp+YYCache.h */ = {isa = PBXFileReference; fileEncoding = 4; lastKnownFileType = sourcecode.c.h; path = "ZYHttp+YYCache.h"; sourceTree = "<group>"; };
		52556B941E52DAA90079BC40 /* ZYHttp+YYCache.m */ = {isa = PBXFileReference; fileEncoding = 4; lastKnownFileType = sourcecode.c.objc; path = "ZYHttp+YYCache.m"; sourceTree = "<group>"; };
		CD9DFDA4F43D24182E61504D /* Pods-ZYNetWork.debug.xcconfig */ = {isa = PBXFileReference; includeInIndex = 1; lastKnownFileType = text.xcconfig; name = "Pods-ZYNetWork.debug.xcconfig"; path = "Pods/Target Support Files/Pods-ZYNetWork/Pods-ZYNetWork.debug.xcconfig"; sourceTree = "<group>"; };
		F4F3B1F6EC3F95BD51044C73 /* Pods-ZYNetWork.release.xcconfig */ = {isa = PBXFileReference; includeInIndex = 1; lastKnownFileType = text.xcconfig; name = "Pods-ZYNetWork.release.xcconfig"; path = "Pods/Target Support Files/Pods-ZYNetWork/Pods-ZYNetWork.release.xcconfig"; sourceTree = "<group>"; };
/* End PBXFileReference section */

/* Begin PBXFrameworksBuildPhase section */
		52556B551E52DA650079BC40 /* Frameworks */ = {
			isa = PBXFrameworksBuildPhase;
			buildActionMask = 2147483647;
			files = (
				F2EDEFE7F9AD62C10492BFCC /* libPods-ZYNetWork.a in Frameworks */,
			);
			runOnlyForDeploymentPostprocessing = 0;
		};
		52556B6E1E52DA660079BC40 /* Frameworks */ = {
			isa = PBXFrameworksBuildPhase;
			buildActionMask = 2147483647;
			files = (
			);
			runOnlyForDeploymentPostprocessing = 0;
		};
		52556B791E52DA660079BC40 /* Frameworks */ = {
			isa = PBXFrameworksBuildPhase;
			buildActionMask = 2147483647;
			files = (
			);
			runOnlyForDeploymentPostprocessing = 0;
		};
/* End PBXFrameworksBuildPhase section */

/* Begin PBXGroup section */
		52556B4F1E52DA650079BC40 = {
			isa = PBXGroup;
			children = (
				52556B5A1E52DA660079BC40 /* ZYNetWork */,
				52556B741E52DA660079BC40 /* ZYNetWorkTests */,
				52556B7F1E52DA660079BC40 /* ZYNetWorkUITests */,
				52556B591E52DA660079BC40 /* Products */,
				F71F14160E826DDA26895306 /* Pods */,
				5514E6374462771D4F1B07DC /* Frameworks */,
			);
			sourceTree = "<group>";
		};
		52556B591E52DA660079BC40 /* Products */ = {
			isa = PBXGroup;
			children = (
				52556B581E52DA660079BC40 /* ZYNetWork.app */,
				52556B711E52DA660079BC40 /* ZYNetWorkTests.xctest */,
				52556B7C1E52DA660079BC40 /* ZYNetWorkUITests.xctest */,
			);
			name = Products;
			sourceTree = "<group>";
		};
		52556B5A1E52DA660079BC40 /* ZYNetWork */ = {
			isa = PBXGroup;
			children = (
				52556B901E52DAA90079BC40 /* YYCacheHelper */,
				52556B951E52DAA90079BC40 /* ZYHttp */,
				52556B5E1E52DA660079BC40 /* AppDelegate.h */,
				52556B5F1E52DA660079BC40 /* AppDelegate.m */,
				52556B611E52DA660079BC40 /* ViewController.h */,
				52556B621E52DA660079BC40 /* ViewController.m */,
				52556B641E52DA660079BC40 /* Main.storyboard */,
				52556B671E52DA660079BC40 /* Assets.xcassets */,
				52556B691E52DA660079BC40 /* LaunchScreen.storyboard */,
				52556B6C1E52DA660079BC40 /* Info.plist */,
				52556B5B1E52DA660079BC40 /* Supporting Files */,
			);
			path = ZYNetWork;
			sourceTree = "<group>";
		};
		52556B5B1E52DA660079BC40 /* Supporting Files */ = {
			isa = PBXGroup;
			children = (
				52556B5C1E52DA660079BC40 /* main.m */,
			);
			name = "Supporting Files";
			sourceTree = "<group>";
		};
		52556B741E52DA660079BC40 /* ZYNetWorkTests */ = {
			isa = PBXGroup;
			children = (
				52556B751E52DA660079BC40 /* ZYNetWorkTests.m */,
				52556B771E52DA660079BC40 /* Info.plist */,
			);
			path = ZYNetWorkTests;
			sourceTree = "<group>";
		};
		52556B7F1E52DA660079BC40 /* ZYNetWorkUITests */ = {
			isa = PBXGroup;
			children = (
				52556B801E52DA660079BC40 /* ZYNetWorkUITests.m */,
				52556B821E52DA660079BC40 /* Info.plist */,
			);
			path = ZYNetWorkUITests;
			sourceTree = "<group>";
		};
		52556B901E52DAA90079BC40 /* YYCacheHelper */ = {
			isa = PBXGroup;
			children = (
				52556B8E1E52DAA90079BC40 /* YYCacheHelper.h */,
				52556B8F1E52DAA90079BC40 /* YYCacheHelper.m */,
			);
			name = YYCacheHelper;
			path = ../../ZYNetWorkd/ZYNetWork/YYCacheHelper;
			sourceTree = "<group>";
		};
		52556B951E52DAA90079BC40 /* ZYHttp */ = {
			isa = PBXGroup;
			children = (
				52556B911E52DAA90079BC40 /* ZYHttp.h */,
				52556B921E52DAA90079BC40 /* ZYHttp.m */,
				52556B931E52DAA90079BC40 /* ZYHttp+YYCache.h */,
				52556B941E52DAA90079BC40 /* ZYHttp+YYCache.m */,
			);
			name = ZYHttp;
			path = ../../ZYNetWorkd/ZYNetWork/ZYHttp;
			sourceTree = "<group>";
		};
		5514E6374462771D4F1B07DC /* Frameworks */ = {
			isa = PBXGroup;
			children = (
				1816B2D0FF7AD87249481F06 /* libPods-ZYNetWork.a */,
			);
			name = Frameworks;
			sourceTree = "<group>";
		};
		F71F14160E826DDA26895306 /* Pods */ = {
			isa = PBXGroup;
			children = (
				CD9DFDA4F43D24182E61504D /* Pods-ZYNetWork.debug.xcconfig */,
				F4F3B1F6EC3F95BD51044C73 /* Pods-ZYNetWork.release.xcconfig */,
			);
			name = Pods;
			sourceTree = "<group>";
		};
/* End PBXGroup section */

/* Begin PBXNativeTarget section */
		52556B571E52DA650079BC40 /* ZYNetWork */ = {
			isa = PBXNativeTarget;
			buildConfigurationList = 52556B851E52DA660079BC40 /* Build configuration list for PBXNativeTarget "ZYNetWork" */;
			buildPhases = (
				55437FB9015B3CF34C075142 /* [CP] Check Pods Manifest.lock */,
				52556B541E52DA650079BC40 /* Sources */,
				52556B551E52DA650079BC40 /* Frameworks */,
				52556B561E52DA650079BC40 /* Resources */,
				9E43B7A6CBCD8EF345A77DCC /* [CP] Embed Pods Frameworks */,
				560181D0DA422417BF50D83D /* [CP] Copy Pods Resources */,
			);
			buildRules = (
			);
			dependencies = (
			);
			name = ZYNetWork;
			productName = ZYNetWork;
			productReference = 52556B581E52DA660079BC40 /* ZYNetWork.app */;
			productType = "com.apple.product-type.application";
		};
		52556B701E52DA660079BC40 /* ZYNetWorkTests */ = {
			isa = PBXNativeTarget;
			buildConfigurationList = 52556B881E52DA660079BC40 /* Build configuration list for PBXNativeTarget "ZYNetWorkTests" */;
			buildPhases = (
				52556B6D1E52DA660079BC40 /* Sources */,
				52556B6E1E52DA660079BC40 /* Frameworks */,
				52556B6F1E52DA660079BC40 /* Resources */,
			);
			buildRules = (
			);
			dependencies = (
				52556B731E52DA660079BC40 /* PBXTargetDependency */,
			);
			name = ZYNetWorkTests;
			productName = ZYNetWorkTests;
			productReference = 52556B711E52DA660079BC40 /* ZYNetWorkTests.xctest */;
			productType = "com.apple.product-type.bundle.unit-test";
		};
		52556B7B1E52DA660079BC40 /* ZYNetWorkUITests */ = {
			isa = PBXNativeTarget;
			buildConfigurationList = 52556B8B1E52DA660079BC40 /* Build configuration list for PBXNativeTarget "ZYNetWorkUITests" */;
			buildPhases = (
				52556B781E52DA660079BC40 /* Sources */,
				52556B791E52DA660079BC40 /* Frameworks */,
				52556B7A1E52DA660079BC40 /* Resources */,
			);
			buildRules = (
			);
			dependencies = (
				52556B7E1E52DA660079BC40 /* PBXTargetDependency */,
			);
			name = ZYNetWorkUITests;
			productName = ZYNetWorkUITests;
			productReference = 52556B7C1E52DA660079BC40 /* ZYNetWorkUITests.xctest */;
			productType = "com.apple.product-type.bundle.ui-testing";
		};
/* End PBXNativeTarget section */

/* Begin PBXProject section */
		52556B501E52DA650079BC40 /* Project object */ = {
			isa = PBXProject;
			attributes = {
				LastUpgradeCheck = 0800;
				ORGANIZATIONNAME = "换一换";
				TargetAttributes = {
					52556B571E52DA650079BC40 = {
						CreatedOnToolsVersion = 8.0;
						ProvisioningStyle = Automatic;
					};
					52556B701E52DA660079BC40 = {
						CreatedOnToolsVersion = 8.0;
						ProvisioningStyle = Automatic;
						TestTargetID = 52556B571E52DA650079BC40;
					};
					52556B7B1E52DA660079BC40 = {
						CreatedOnToolsVersion = 8.0;
						ProvisioningStyle = Automatic;
						TestTargetID = 52556B571E52DA650079BC40;
					};
				};
			};
			buildConfigurationList = 52556B531E52DA650079BC40 /* Build configuration list for PBXProject "ZYNetWork" */;
			compatibilityVersion = "Xcode 3.2";
			developmentRegion = English;
			hasScannedForEncodings = 0;
			knownRegions = (
				en,
				Base,
			);
			mainGroup = 52556B4F1E52DA650079BC40;
			productRefGroup = 52556B591E52DA660079BC40 /* Products */;
			projectDirPath = "";
			projectRoot = "";
			targets = (
				52556B571E52DA650079BC40 /* ZYNetWork */,
				52556B701E52DA660079BC40 /* ZYNetWorkTests */,
				52556B7B1E52DA660079BC40 /* ZYNetWorkUITests */,
			);
		};
/* End PBXProject section */

/* Begin PBXResourcesBuildPhase section */
		52556B561E52DA650079BC40 /* Resources */ = {
			isa = PBXResourcesBuildPhase;
			buildActionMask = 2147483647;
			files = (
				52556B6B1E52DA660079BC40 /* LaunchScreen.storyboard in Resources */,
				52556B681E52DA660079BC40 /* Assets.xcassets in Resources */,
				52556B661E52DA660079BC40 /* Main.storyboard in Resources */,
			);
			runOnlyForDeploymentPostprocessing = 0;
		};
		52556B6F1E52DA660079BC40 /* Resources */ = {
			isa = PBXResourcesBuildPhase;
			buildActionMask = 2147483647;
			files = (
			);
			runOnlyForDeploymentPostprocessing = 0;
		};
		52556B7A1E52DA660079BC40 /* Resources */ = {
			isa = PBXResourcesBuildPhase;
			buildActionMask = 2147483647;
			files = (
			);
			runOnlyForDeploymentPostprocessing = 0;
		};
/* End PBXResourcesBuildPhase section */

/* Begin PBXShellScriptBuildPhase section */
		55437FB9015B3CF34C075142 /* [CP] Check Pods Manifest.lock */ = {
			isa = PBXShellScriptBuildPhase;
			buildActionMask = 2147483647;
			files = (
			);
			inputPaths = (
			);
			name = "[CP] Check Pods Manifest.lock";
			outputPaths = (
			);
			runOnlyForDeploymentPostprocessing = 0;
			shellPath = /bin/sh;
			shellScript = "diff \"${PODS_ROOT}/../Podfile.lock\" \"${PODS_ROOT}/Manifest.lock\" > /dev/null\nif [[ $? != 0 ]] ; then\n    cat << EOM\nerror: The sandbox is not in sync with the Podfile.lock. Run 'pod install' or update your CocoaPods installation.\nEOM\n    exit 1\nfi\n";
			showEnvVarsInLog = 0;
		};
		560181D0DA422417BF50D83D /* [CP] Copy Pods Resources */ = {
			isa = PBXShellScriptBuildPhase;
			buildActionMask = 2147483647;
			files = (
			);
			inputPaths = (
			);
			name = "[CP] Copy Pods Resources";
			outputPaths = (
			);
			runOnlyForDeploymentPostprocessing = 0;
			shellPath = /bin/sh;
			shellScript = "\"${SRCROOT}/Pods/Target Support Files/Pods-ZYNetWork/Pods-ZYNetWork-resources.sh\"\n";
			showEnvVarsInLog = 0;
		};
		9E43B7A6CBCD8EF345A77DCC /* [CP] Embed Pods Frameworks */ = {
			isa = PBXShellScriptBuildPhase;
			buildActionMask = 2147483647;
			files = (
			);
			inputPaths = (
			);
			name = "[CP] Embed Pods Frameworks";
			outputPaths = (
			);
			runOnlyForDeploymentPostprocessing = 0;
			shellPath = /bin/sh;
			shellScript = "\"${SRCROOT}/Pods/Target Support Files/Pods-ZYNetWork/Pods-ZYNetWork-frameworks.sh\"\n";
			showEnvVarsInLog = 0;
		};
/* End PBXShellScriptBuildPhase section */

/* Begin PBXSourcesBuildPhase section */
		52556B541E52DA650079BC40 /* Sources */ = {
			isa = PBXSourcesBuildPhase;
			buildActionMask = 2147483647;
			files = (
				52556B961E52DAAA0079BC40 /* YYCacheHelper.m in Sources */,
				52556B631E52DA660079BC40 /* ViewController.m in Sources */,
				52556B601E52DA660079BC40 /* AppDelegate.m in Sources */,
				52556B981E52DAAA0079BC40 /* ZYHttp+YYCache.m in Sources */,
				52556B971E52DAAA0079BC40 /* ZYHttp.m in Sources */,
				52556B5D1E52DA660079BC40 /* main.m in Sources */,
			);
			runOnlyForDeploymentPostprocessing = 0;
		};
		52556B6D1E52DA660079BC40 /* Sources */ = {
			isa = PBXSourcesBuildPhase;
			buildActionMask = 2147483647;
			files = (
				52556B761E52DA660079BC40 /* ZYNetWorkTests.m in Sources */,
			);
			runOnlyForDeploymentPostprocessing = 0;
		};
		52556B781E52DA660079BC40 /* Sources */ = {
			isa = PBXSourcesBuildPhase;
			buildActionMask = 2147483647;
			files = (
				52556B811E52DA660079BC40 /* ZYNetWorkUITests.m in Sources */,
			);
			runOnlyForDeploymentPostprocessing = 0;
		};
/* End PBXSourcesBuildPhase section */

/* Begin PBXTargetDependency section */
		52556B731E52DA660079BC40 /* PBXTargetDependency */ = {
			isa = PBXTargetDependency;
			target = 52556B571E52DA650079BC40 /* ZYNetWork */;
			targetProxy = 52556B721E52DA660079BC40 /* PBXContainerItemProxy */;
		};
		52556B7E1E52DA660079BC40 /* PBXTargetDependency */ = {
			isa = PBXTargetDependency;
			target = 52556B571E52DA650079BC40 /* ZYNetWork */;
			targetProxy = 52556B7D1E52DA660079BC40 /* PBXContainerItemProxy */;
		};
/* End PBXTargetDependency section */

/* Begin PBXVariantGroup section */
		52556B641E52DA660079BC40 /* Main.storyboard */ = {
			isa = PBXVariantGroup;
			children = (
				52556B651E52DA660079BC40 /* Base */,
			);
			name = Main.storyboard;
			sourceTree = "<group>";
		};
		52556B691E52DA660079BC40 /* LaunchScreen.storyboard */ = {
			isa = PBXVariantGroup;
			children = (
				52556B6A1E52DA660079BC40 /* Base */,
			);
			name = LaunchScreen.storyboard;
			sourceTree = "<group>";
		};
/* End PBXVariantGroup section */

/* Begin XCBuildConfiguration section */
		52556B831E52DA660079BC40 /* Debug */ = {
			isa = XCBuildConfiguration;
			buildSettings = {
				ALWAYS_SEARCH_USER_PATHS = NO;
				CLANG_ANALYZER_NONNULL = YES;
				CLANG_CXX_LANGUAGE_STANDARD = "gnu++0x";
				CLANG_CXX_LIBRARY = "libc++";
				CLANG_ENABLE_MODULES = YES;
				CLANG_ENABLE_OBJC_ARC = YES;
				CLANG_WARN_BOOL_CONVERSION = YES;
				CLANG_WARN_CONSTANT_CONVERSION = YES;
				CLANG_WARN_DIRECT_OBJC_ISA_USAGE = YES_ERROR;
				CLANG_WARN_DOCUMENTATION_COMMENTS = YES;
				CLANG_WARN_EMPTY_BODY = YES;
				CLANG_WARN_ENUM_CONVERSION = YES;
				CLANG_WARN_INFINITE_RECURSION = YES;
				CLANG_WARN_INT_CONVERSION = YES;
				CLANG_WARN_OBJC_ROOT_CLASS = YES_ERROR;
				CLANG_WARN_SUSPICIOUS_MOVES = YES;
				CLANG_WARN_UNREACHABLE_CODE = YES;
				CLANG_WARN__DUPLICATE_METHOD_MATCH = YES;
				"CODE_SIGN_IDENTITY[sdk=iphoneos*]" = "iPhone Developer";
				COPY_PHASE_STRIP = NO;
				DEBUG_INFORMATION_FORMAT = dwarf;
				ENABLE_STRICT_OBJC_MSGSEND = YES;
				ENABLE_TESTABILITY = YES;
				GCC_C_LANGUAGE_STANDARD = gnu99;
				GCC_DYNAMIC_NO_PIC = NO;
				GCC_NO_COMMON_BLOCKS = YES;
				GCC_OPTIMIZATION_LEVEL = 0;
				GCC_PREPROCESSOR_DEFINITIONS = (
					"DEBUG=1",
					"$(inherited)",
				);
				GCC_WARN_64_TO_32_BIT_CONVERSION = YES;
				GCC_WARN_ABOUT_RETURN_TYPE = YES_ERROR;
				GCC_WARN_UNDECLARED_SELECTOR = YES;
				GCC_WARN_UNINITIALIZED_AUTOS = YES_AGGRESSIVE;
				GCC_WARN_UNUSED_FUNCTION = YES;
				GCC_WARN_UNUSED_VARIABLE = YES;
				IPHONEOS_DEPLOYMENT_TARGET = 10.0;
				MTL_ENABLE_DEBUG_INFO = YES;
				ONLY_ACTIVE_ARCH = YES;
				SDKROOT = iphoneos;
				TARGETED_DEVICE_FAMILY = "1,2";
			};
			name = Debug;
		};
		52556B841E52DA660079BC40 /* Release */ = {
			isa = XCBuildConfiguration;
			buildSettings = {
				ALWAYS_SEARCH_USER_PATHS = NO;
				CLANG_ANALYZER_NONNULL = YES;
				CLANG_CXX_LANGUAGE_STANDARD = "gnu++0x";
				CLANG_CXX_LIBRARY = "libc++";
				CLANG_ENABLE_MODULES = YES;
				CLANG_ENABLE_OBJC_ARC = YES;
				CLANG_WARN_BOOL_CONVERSION = YES;
				CLANG_WARN_CONSTANT_CONVERSION = YES;
				CLANG_WARN_DIRECT_OBJC_ISA_USAGE = YES_ERROR;
				CLANG_WARN_DOCUMENTATION_COMMENTS = YES;
				CLANG_WARN_EMPTY_BODY = YES;
				CLANG_WARN_ENUM_CONVERSION = YES;
				CLANG_WARN_INFINITE_RECURSION = YES;
				CLANG_WARN_INT_CONVERSION = YES;
				CLANG_WARN_OBJC_ROOT_CLASS = YES_ERROR;
				CLANG_WARN_SUSPICIOUS_MOVES = YES;
				CLANG_WARN_UNREACHABLE_CODE = YES;
				CLANG_WARN__DUPLICATE_METHOD_MATCH = YES;
				"CODE_SIGN_IDENTITY[sdk=iphoneos*]" = "iPhone Developer";
				COPY_PHASE_STRIP = NO;
				DEBUG_INFORMATION_FORMAT = "dwarf-with-dsym";
				ENABLE_NS_ASSERTIONS = NO;
				ENABLE_STRICT_OBJC_MSGSEND = YES;
				GCC_C_LANGUAGE_STANDARD = gnu99;
				GCC_NO_COMMON_BLOCKS = YES;
				GCC_WARN_64_TO_32_BIT_CONVERSION = YES;
				GCC_WARN_ABOUT_RETURN_TYPE = YES_ERROR;
				GCC_WARN_UNDECLARED_SELECTOR = YES;
				GCC_WARN_UNINITIALIZED_AUTOS = YES_AGGRESSIVE;
				GCC_WARN_UNUSED_FUNCTION = YES;
				GCC_WARN_UNUSED_VARIABLE = YES;
				IPHONEOS_DEPLOYMENT_TARGET = 10.0;
				MTL_ENABLE_DEBUG_INFO = NO;
				SDKROOT = iphoneos;
				TARGETED_DEVICE_FAMILY = "1,2";
				VALIDATE_PRODUCT = YES;
			};
			name = Release;
		};
		52556B861E52DA660079BC40 /* Debug */ = {
			isa = XCBuildConfiguration;
			baseConfigurationReference = CD9DFDA4F43D24182E61504D /* Pods-ZYNetWork.debug.xcconfig */;
			buildSettings = {
				ASSETCATALOG_COMPILER_APPICON_NAME = AppIcon;
				INFOPLIST_FILE = ZYNetWork/Info.plist;
				LD_RUNPATH_SEARCH_PATHS = "$(inherited) @executable_path/Frameworks";
				PRODUCT_BUNDLE_IDENTIFIER = "-1.ZYNetWork";
				PRODUCT_NAME = "$(TARGET_NAME)";
			};
			name = Debug;
		};
		52556B871E52DA660079BC40 /* Release */ = {
			isa = XCBuildConfiguration;
			baseConfigurationReference = F4F3B1F6EC3F95BD51044C73 /* Pods-ZYNetWork.release.xcconfig */;
			buildSettings = {
				ASSETCATALOG_COMPILER_APPICON_NAME = AppIcon;
				INFOPLIST_FILE = ZYNetWork/Info.plist;
				LD_RUNPATH_SEARCH_PATHS = "$(inherited) @executable_path/Frameworks";
				PRODUCT_BUNDLE_IDENTIFIER = "-1.ZYNetWork";
				PRODUCT_NAME = "$(TARGET_NAME)";
			};
			name = Release;
		};
		52556B891E52DA660079BC40 /* Debug */ = {
			isa = XCBuildConfiguration;
			buildSettings = {
				BUNDLE_LOADER = "$(TEST_HOST)";
				INFOPLIST_FILE = ZYNetWorkTests/Info.plist;
				LD_RUNPATH_SEARCH_PATHS = "$(inherited) @executable_path/Frameworks @loader_path/Frameworks";
				PRODUCT_BUNDLE_IDENTIFIER = "-1.ZYNetWorkTests";
				PRODUCT_NAME = "$(TARGET_NAME)";
				TEST_HOST = "$(BUILT_PRODUCTS_DIR)/ZYNetWork.app/ZYNetWork";
			};
			name = Debug;
		};
		52556B8A1E52DA660079BC40 /* Release */ = {
			isa = XCBuildConfiguration;
			buildSettings = {
				BUNDLE_LOADER = "$(TEST_HOST)";
				INFOPLIST_FILE = ZYNetWorkTests/Info.plist;
				LD_RUNPATH_SEARCH_PATHS = "$(inherited) @executable_path/Frameworks @loader_path/Frameworks";
				PRODUCT_BUNDLE_IDENTIFIER = "-1.ZYNetWorkTests";
				PRODUCT_NAME = "$(TARGET_NAME)";
				TEST_HOST = "$(BUILT_PRODUCTS_DIR)/ZYNetWork.app/ZYNetWork";
			};
			name = Release;
		};
		52556B8C1E52DA660079BC40 /* Debug */ = {
			isa = XCBuildConfiguration;
			buildSettings = {
				INFOPLIST_FILE = ZYNetWorkUITests/Info.plist;
				LD_RUNPATH_SEARCH_PATHS = "$(inherited) @executable_path/Frameworks @loader_path/Frameworks";
				PRODUCT_BUNDLE_IDENTIFIER = "-1.ZYNetWorkUITests";
				PRODUCT_NAME = "$(TARGET_NAME)";
				TEST_TARGET_NAME = ZYNetWork;
			};
			name = Debug;
		};
		52556B8D1E52DA660079BC40 /* Release */ = {
			isa = XCBuildConfiguration;
			buildSettings = {
				INFOPLIST_FILE = ZYNetWorkUITests/Info.plist;
				LD_RUNPATH_SEARCH_PATHS = "$(inherited) @executable_path/Frameworks @loader_path/Frameworks";
				PRODUCT_BUNDLE_IDENTIFIER = "-1.ZYNetWorkUITests";
				PRODUCT_NAME = "$(TARGET_NAME)";
				TEST_TARGET_NAME = ZYNetWork;
			};
			name = Release;
		};
/* End XCBuildConfiguration section */

/* Begin XCConfigurationList section */
		52556B531E52DA650079BC40 /* Build configuration list for PBXProject "ZYNetWork" */ = {
			isa = XCConfigurationList;
			buildConfigurations = (
				52556B831E52DA660079BC40 /* Debug */,
				52556B841E52DA660079BC40 /* Release */,
			);
			defaultConfigurationIsVisible = 0;
			defaultConfigurationName = Release;
		};
		52556B851E52DA660079BC40 /* Build configuration list for PBXNativeTarget "ZYNetWork" */ = {
			isa = XCConfigurationList;
			buildConfigurations = (
				52556B861E52DA660079BC40 /* Debug */,
				52556B871E52DA660079BC40 /* Release */,
			);
			defaultConfigurationIsVisible = 0;
			defaultConfigurationName = Release;
		};
		52556B881E52DA660079BC40 /* Build configuration list for PBXNativeTarget "ZYNetWorkTests" */ = {
			isa = XCConfigurationList;
			buildConfigurations = (
				52556B891E52DA660079BC40 /* Debug */,
				52556B8A1E52DA660079BC40 /* Release */,
			);
			defaultConfigurationIsVisible = 0;
			defaultConfigurationName = Release;
		};
		52556B8B1E52DA660079BC40 /* Build configuration list for PBXNativeTarget "ZYNetWorkUITests" */ = {
			isa = XCConfigurationList;
			buildConfigurations = (
				52556B8C1E52DA660079BC40 /* Debug */,
				52556B8D1E52DA660079BC40 /* Release */,
			);
			defaultConfigurationIsVisible = 0;
			defaultConfigurationName = Release;
		};
/* End XCConfigurationList section */
	};
	rootObject = 52556B501E52DA650079BC40 /* Project object */;
}
